
Microsoft Visual Studio Solution File, Format Version 12.00
# Visual Studio 15
VisualStudioVersion = 15.0.28307.489
MinimumVisualStudioVersion = 10.0.40219.1
Project("{FAE04EC0-301F-11D3-BF4B-00C04F79EFBC}") = "Traumerei.Android", "Traumerei\Traumerei.Android\Traumerei.Android.csproj", "{F86714C9-81DE-41D5-94BC-9DD60F7CAF24}"
EndProject
Project("{FAE04EC0-301F-11D3-BF4B-00C04F79EFBC}") = "Traumerei.iOS", "Traumerei\Traumerei.iOS\Traumerei.iOS.csproj", "{A4FB8D09-075C-4848-BB8B-B0C4CC59D016}"
EndProject
Project("{FAE04EC0-301F-11D3-BF4B-00C04F79EFBC}") = "Traumerei", "Traumerei\Traumerei\Traumerei.csproj", "{5EB6BAE9-DAA1-4739-9CFB-7ED3A6A3DF97}"
EndProject
Global
	GlobalSection(SolutionConfigurationPlatforms) = preSolution
		Ad-Hoc|Any CPU = Ad-Hoc|Any CPU
		Ad-Hoc|iPhone = Ad-Hoc|iPhone
		Ad-Hoc|iPhoneSimulator = Ad-Hoc|iPhoneSimulator
		AppStore|Any CPU = AppStore|Any CPU
		AppStore|iPhone = AppStore|iPhone
		AppStore|iPhoneSimulator = AppStore|iPhoneSimulator
		Debug|Any CPU = Debug|Any CPU
		Debug|iPhone = Debug|iPhone
		Debug|iPhoneSimulator = Debug|iPhoneSimulator
		Release|Any CPU = Release|Any CPU
		Release|iPhone = Release|iPhone
		Release|iPhoneSimulator = Release|iPhoneSimulator
	EndGlobalSection
	GlobalSection(ProjectConfigurationPlatforms) = postSolution
		{F86714C9-81DE-41D5-94BC-9DD60F7CAF24}.Ad-Hoc|Any CPU.ActiveCfg = Release|Any CPU
		{F86714C9-81DE-41D5-94BC-9DD60F7CAF24}.Ad-Hoc|Any CPU.Build.0 = Release|Any CPU
		{F86714C9-81DE-41D5-94BC-9DD60F7CAF24}.Ad-Hoc|Any CPU.Deploy.0 = Release|Any CPU
		{F86714C9-81DE-41D5-94BC-9DD60F7CAF24}.Ad-Hoc|iPhone.ActiveCfg = Release|Any CPU
		{F86714C9-81DE-41D5-94BC-9DD60F7CAF24}.Ad-Hoc|iPhone.Build.0 = Release|Any CPU
		{F86714C9-81DE-41D5-94BC-9DD60F7CAF24}.Ad-Hoc|iPhone.Deploy.0 = Release|Any CPU
		{F86714C9-81DE-41D5-94BC-9DD60F7CAF24}.Ad-Hoc|iPhoneSimulator.ActiveCfg = Release|Any CPU
		{F86714C9-81DE-41D5-94BC-9DD60F7CAF24}.Ad-Hoc|iPhoneSimulator.Build.0 = Release|Any CPU
		{F86714C9-81DE-41D5-94BC-9DD60F7CAF24}.Ad-Hoc|iPhoneSimulator.Deploy.0 = Release|Any CPU
		{F86714C9-81DE-41D5-94BC-9DD60F7CAF24}.AppStore|Any CPU.ActiveCfg = Release|Any CPU
		{F86714C9-81DE-41D5-94BC-9DD60F7CAF24}.AppStore|Any CPU.Build.0 = Release|Any CPU
		{F86714C9-81DE-41D5-94BC-9DD60F7CAF24}.AppStore|Any CPU.Deploy.0 = Release|Any CPU
		{F86714C9-81DE-41D5-94BC-9DD60F7CAF24}.AppStore|iPhone.ActiveCfg = Release|Any CPU
		{F86714C9-81DE-41D5-94BC-9DD60F7CAF24}.AppStore|iPhone.Build.0 = Release|Any CPU
		{F86714C9-81DE-41D5-94BC-9DD60F7CAF24}.AppStore|iPhone.Deploy.0 = Release|Any CPU
		{F86714C9-81DE-41D5-94BC-9DD60F7CAF24}.AppStore|iPhoneSimulator.ActiveCfg = Release|Any CPU
		{F86714C9-81DE-41D5-94BC-9DD60F7CAF24}.AppStore|iPhoneSimulator.Build.0 = Release|Any CPU
		{F86714C9-81DE-41D5-94BC-9DD60F7CAF24}.AppStore|iPhoneSimulator.Deploy.0 = Release|Any CPU
		{F86714C9-81DE-41D5-94BC-9DD60F7CAF24}.Debug|Any CPU.ActiveCfg = Debug|Any CPU
		{F86714C9-81DE-41D5-94BC-9DD60F7CAF24}.Debug|Any CPU.Build.0 = Debug|Any CPU
		{F86714C9-81DE-41D5-94BC-9DD60F7CAF24}.Debug|Any CPU.Deploy.0 = Debug|Any CPU
		{F86714C9-81DE-41D5-94BC-9DD60F7CAF24}.Debug|iPhone.ActiveCfg = Debug|Any CPU
		{F86714C9-81DE-41D5-94BC-9DD60F7CAF24}.Debug|iPhone.Build.0 = Debug|Any CPU
		{F86714C9-81DE-41D5-94BC-9DD60F7CAF24}.Debug|iPhone.Deploy.0 = Debug|Any CPU
		{F86714C9-81DE-41D5-94BC-9DD60F7CAF24}.Debug|iPhoneSimulator.ActiveCfg = Debug|Any CPU
		{F86714C9-81DE-41D5-94BC-9DD60F7CAF24}.Debug|iPhoneSimulator.Build.0 = Debug|Any CPU
		{F86714C9-81DE-41D5-94BC-9DD60F7CAF24}.Debug|iPhoneSimulator.Deploy.0 = Debug|Any CPU
		{F86714C9-81DE-41D5-94BC-9DD60F7CAF24}.Release|Any CPU.ActiveCfg = Release|Any CPU
		{F86714C9-81DE-41D5-94BC-9DD60F7CAF24}.Release|Any CPU.Build.0 = Release|Any CPU
		{F86714C9-81DE-41D5-94BC-9DD60F7CAF24}.Release|Any CPU.Deploy.0 = Release|Any CPU
		{F86714C9-81DE-41D5-94BC-9DD60F7CAF24}.Release|iPhone.ActiveCfg = Release|Any CPU
		{F86714C9-81DE-41D5-94BC-9DD60F7CAF24}.Release|iPhone.Build.0 = Release|Any CPU
		{F86714C9-81DE-41D5-94BC-9DD60F7CAF24}.Release|iPhone.Deploy.0 = Release|Any CPU
		{F86714C9-81DE-41D5-94BC-9DD60F7CAF24}.Release|iPhoneSimulator.ActiveCfg = Release|Any CPU
		{F86714C9-81DE-41D5-94BC-9DD60F7CAF24}.Release|iPhoneSimulator.Build.0 = Release|Any CPU
		{F86714C9-81DE-41D5-94BC-9DD60F7CAF24}.Release|iPhoneSimulator.Deploy.0 = Release|Any CPU
		{A4FB8D09-075C-4848-BB8B-B0C4CC59D016}.Ad-Hoc|Any CPU.ActiveCfg = Ad-Hoc|iPhone
		{A4FB8D09-075C-4848-BB8B-B0C4CC59D016}.Ad-Hoc|Any CPU.Build.0 = Ad-Hoc|iPhone
		{A4FB8D09-075C-4848-BB8B-B0C4CC59D016}.Ad-Hoc|Any CPU.Deploy.0 = Ad-Hoc|iPhone
		{A4FB8D09-075C-4848-BB8B-B0C4CC59D016}.Ad-Hoc|iPhone.ActiveCfg = Ad-Hoc|iPhone
		{A4FB8D09-075C-4848-BB8B-B0C4CC59D016}.Ad-Hoc|iPhone.Build.0 = Ad-Hoc|iPhone
		{A4FB8D09-075C-4848-BB8B-B0C4CC59D016}.Ad-Hoc|iPhone.Deploy.0 = Ad-Hoc|iPhone
		{A4FB8D09-075C-4848-BB8B-B0C4CC59D016}.Ad-Hoc|iPhoneSimulator.ActiveCfg = Ad-Hoc|iPhoneSimulator
		{A4FB8D09-075C-4848-BB8B-B0C4CC59D016}.Ad-Hoc|iPhoneSimulator.Build.0 = Ad-Hoc|iPhoneSimulator
		{A4FB8D09-075C-4848-BB8B-B0C4CC59D016}.Ad-Hoc|iPhoneSimulator.Deploy.0 = Ad-Hoc|iPhoneSimulator
		{A4FB8D09-075C-4848-BB8B-B0C4CC59D016}.AppStore|Any CPU.ActiveCfg = AppStore|iPhone
		{A4FB8D09-075C-4848-BB8B-B0C4CC59D016}.AppStore|Any CPU.Build.0 = AppStore|iPhone
		{A4FB8D09-075C-4848-BB8B-B0C4CC59D016}.AppStore|Any CPU.Deploy.0 = AppStore|iPhone
		{A4FB8D09-075C-4848-BB8B-B0C4CC59D016}.AppStore|iPhone.ActiveCfg = AppStore|iPhone
		{A4FB8D09-075C-4848-BB8B-B0C4CC59D016}.AppStore|iPhone.Build.0 = AppStore|iPhone
		{A4FB8D09-075C-4848-BB8B-B0C4CC59D016}.AppStore|iPhone.Deploy.0 = AppStore|iPhone
		{A4FB8D09-075C-4848-BB8B-B0C4CC59D016}.AppStore|iPhoneSimulator.ActiveCfg = AppStore|iPhoneSimulator
		{A4FB8D09-075C-4848-BB8B-B0C4CC59D016}.AppStore|iPhoneSimulator.Build.0 = AppStore|iPhoneSimulator
		{A4FB8D09-075C-4848-BB8B-B0C4CC59D016}.AppStore|iPhoneSimulator.Deploy.0 = AppStore|iPhoneSimulator
		{A4FB8D09-075C-4848-BB8B-B0C4CC59D016}.Debug|Any CPU.ActiveCfg = Debug|iPhoneSimulator
		{A4FB8D09-075C-4848-BB8B-B0C4CC59D016}.Debug|Any CPU.Build.0 = Debug|iPhoneSimulator
		{A4FB8D09-075C-4848-BB8B-B0C4CC59D016}.Debug|Any CPU.Deploy.0 = Debug|iPhoneSimulator
		{A4FB8D09-075C-4848-BB8B-B0C4CC59D016}.Debug|iPhone.ActiveCfg = Debug|iPhone
		{A4FB8D09-075C-4848-BB8B-B0C4CC59D016}.Debug|iPhone.Build.0 = Debug|iPhone
		{A4FB8D09-075C-4848-BB8B-B0C4CC59D016}.Debug|iPhone.Deploy.0 = Debug|iPhone
		{A4FB8D09-075C-4848-BB8B-B0C4CC59D016}.Debug|iPhoneSimulator.ActiveCfg = Debug|iPhoneSimulator
		{A4FB8D09-075C-4848-BB8B-B0C4CC59D016}.Debug|iPhoneSimulator.Build.0 = Debug|iPhoneSimulator
		{A4FB8D09-075C-4848-BB8B-B0C4CC59D016}.Debug|iPhoneSimulator.Deploy.0 = Debug|iPhoneSimulator
		{A4FB8D09-075C-4848-BB8B-B0C4CC59D016}.Release|Any CPU.ActiveCfg = Release|iPhone
		{A4FB8D09-075C-4848-BB8B-B0C4CC59D016}.Release|Any CPU.Build.0 = Release|iPhone
		{A4FB8D09-075C-4848-BB8B-B0C4CC59D016}.Release|Any CPU.Deploy.0 = Release|iPhone
		{A4FB8D09-075C-4848-BB8B-B0C4CC59D016}.Release|iPhone.ActiveCfg = Release|iPhone
		{A4FB8D09-075C-4848-BB8B-B0C4CC59D016}.Release|iPhone.Build.0 = Release|iPhone
		{A4FB8D09-075C-4848-BB8B-B0C4CC59D016}.Release|iPhone.Deploy.0 = Release|iPhone
		{A4FB8D09-075C-4848-BB8B-B0C4CC59D016}.Release|iPhoneSimulator.ActiveCfg = Release|iPhoneSimulator
		{A4FB8D09-075C-4848-BB8B-B0C4CC59D016}.Release|iPhoneSimulator.Build.0 = Release|iPhoneSimulator
		{A4FB8D09-075C-4848-BB8B-B0C4CC59D016}.Release|iPhoneSimulator.Deploy.0 = Release|iPhoneSimulator
		{5EB6BAE9-DAA1-4739-9CFB-7ED3A6A3DF97}.Ad-Hoc|Any CPU.ActiveCfg = Debug|Any CPU
		{5EB6BAE9-DAA1-4739-9CFB-7ED3A6A3DF97}.Ad-Hoc|Any CPU.Build.0 = Debug|Any CPU
		{5EB6BAE9-DAA1-4739-9CFB-7ED3A6A3DF97}.Ad-Hoc|Any CPU.Deploy.0 = Debug|Any CPU
		{5EB6BAE9-DAA1-4739-9CFB-7ED3A6A3DF97}.Ad-Hoc|iPhone.ActiveCfg = Debug|Any CPU
		{5EB6BAE9-DAA1-4739-9CFB-7ED3A6A3DF97}.Ad-Hoc|iPhone.Build.0 = Debug|Any CPU
		{5EB6BAE9-DAA1-4739-9CFB-7ED3A6A3DF97}.Ad-Hoc|iPhone.Deploy.0 = Debug|Any CPU
		{5EB6BAE9-DAA1-4739-9CFB-7ED3A6A3DF97}.Ad-Hoc|iPhoneSimulator.ActiveCfg = Debug|Any CPU
		{5EB6BAE9-DAA1-4739-9CFB-7ED3A6A3DF97}.Ad-Hoc|iPhoneSimulator.Build.0 = Debug|Any CPU
		{5EB6BAE9-DAA1-4739-9CFB-7ED3A6A3DF97}.Ad-Hoc|iPhoneSimulator.Deploy.0 = Debug|Any CPU
		{5EB6BAE9-DAA1-4739-9CFB-7ED3A6A3DF97}.AppStore|Any CPU.ActiveCfg = Debug|Any CPU
		{5EB6BAE9-DAA1-4739-9CFB-7ED3A6A3DF97}.AppStore|Any CPU.Build.0 = Debug|Any CPU
		{5EB6BAE9-DAA1-4739-9CFB-7ED3A6A3DF97}.AppStore|Any CPU.Deploy.0 = Debug|Any CPU
		{5EB6BAE9-DAA1-4739-9CFB-7ED3A6A3DF97}.AppStore|iPhone.ActiveCfg = Debug|Any CPU
		{5EB6BAE9-DAA1-4739-9CFB-7ED3A6A3DF97}.AppStore|iPhone.Build.0 = Debug|Any CPU
		{5EB6BAE9-DAA1-4739-9CFB-7ED3A6A3DF97}.AppStore|iPhone.Deploy.0 = Debug|Any CPU
		{5EB6BAE9-DAA1-4739-9CFB-7ED3A6A3DF97}.AppStore|iPhoneSimulator.ActiveCfg = Debug|Any CPU
		{5EB6BAE9-DAA1-4739-9CFB-7ED3A6A3DF97}.AppStore|iPhoneSimulator.Build.0 = Debug|Any CPU
		{5EB6BAE9-DAA1-4739-9CFB-7ED3A6A3DF97}.AppStore|iPhoneSimulator.Deploy.0 = Debug|Any CPU
		{5EB6BAE9-DAA1-4739-9CFB-7ED3A6A3DF97}.Debug|Any CPU.ActiveCfg = Debug|Any CPU
		{5EB6BAE9-DAA1-4739-9CFB-7ED3A6A3DF97}.Debug|Any CPU.Build.0 = Debug|Any CPU
		{5EB6BAE9-DAA1-4739-9CFB-7ED3A6A3DF97}.Debug|Any CPU.Deploy.0 = Debug|Any CPU
		{5EB6BAE9-DAA1-4739-9CFB-7ED3A6A3DF97}.Debug|iPhone.ActiveCfg = Debug|Any CPU
		{5EB6BAE9-DAA1-4739-9CFB-7ED3A6A3DF97}.Debug|iPhone.Build.0 = Debug|Any CPU
		{5EB6BAE9-DAA1-4739-9CFB-7ED3A6A3DF97}.Debug|iPhone.Deploy.0 = Debug|Any CPU
		{5EB6BAE9-DAA1-4739-9CFB-7ED3A6A3DF97}.Debug|iPhoneSimulator.ActiveCfg = Debug|Any CPU
		{5EB6BAE9-DAA1-4739-9CFB-7ED3A6A3DF97}.Debug|iPhoneSimulator.Build.0 = Debug|Any CPU
		{5EB6BAE9-DAA1-4739-9CFB-7ED3A6A3DF97}.Debug|iPhoneSimulator.Deploy.0 = Debug|Any CPU
		{5EB6BAE9-DAA1-4739-9CFB-7ED3A6A3DF97}.Release|Any CPU.ActiveCfg = Release|Any CPU
		{5EB6BAE9-DAA1-4739-9CFB-7ED3A6A3DF97}.Release|Any CPU.Build.0 = Release|Any CPU
		{5EB6BAE9-DAA1-4739-9CFB-7ED3A6A3DF97}.Release|Any CPU.Deploy.0 = Release|Any CPU
		{5EB6BAE9-DAA1-4739-9CFB-7ED3A6A3DF97}.Release|iPhone.ActiveCfg = Release|Any CPU
		{5EB6BAE9-DAA1-4739-9CFB-7ED3A6A3DF97}.Release|iPhone.Build.0 = Release|Any CPU
		{5EB6BAE9-DAA1-4739-9CFB-7ED3A6A3DF97}.Release|iPhone.Deploy.0 = Release|Any CPU
		{5EB6BAE9-DAA1-4739-9CFB-7ED3A6A3DF97}.Release|iPhoneSimulator.ActiveCfg = Release|Any CPU
		{5EB6BAE9-DAA1-4739-9CFB-7ED3A6A3DF97}.Release|iPhoneSimulator.Build.0 = Release|Any CPU
		{5EB6BAE9-DAA1-4739-9CFB-7ED3A6A3DF97}.Release|iPhoneSimulator.Deploy.0 = Release|Any CPU
	EndGlobalSection
	GlobalSection(SolutionProperties) = preSolution
		HideSolutionNode = FALSE
	EndGlobalSection
	GlobalSection(ExtensibilityGlobals) = postSolution
		SolutionGuid = {26B553B8-AC80-4B48-8E76-E638B1E6AC52}
	EndGlobalSection
EndGlobal
